// !$*UTF8*$!
{
	archiveVersion = 1;
	classes = {
	};
	objectVersion = 46;
	objects = {

/* Begin PBXBuildFile section */
		F705B33B1760561800CE3893 /* MSCTimeTableResource.m in Sources */ = {isa = PBXBuildFile; fileRef = F705B33A1760561800CE3893 /* MSCTimeTableResource.m */; };
		F705B34117605CC600CE3893 /* NSArray+Aggregates.m in Sources */ = {isa = PBXBuildFile; fileRef = F705B34017605CC600CE3893 /* NSArray+Aggregates.m */; };
		F705B34417605D0C00CE3893 /* MSCTestNSArray+Aggregates.m in Sources */ = {isa = PBXBuildFile; fileRef = F705B34317605D0C00CE3893 /* MSCTestNSArray+Aggregates.m */; };
		F705B34717606C5300CE3893 /* MSCTimeTableSupply.m in Sources */ = {isa = PBXBuildFile; fileRef = F705B34617606C5300CE3893 /* MSCTimeTableSupply.m */; };
		F705B34B17608B7C00CE3893 /* MSCTestMemoryStorage.m in Sources */ = {isa = PBXBuildFile; fileRef = F705B34A17608B7C00CE3893 /* MSCTestMemoryStorage.m */; };
		F705B34F17608D3900CE3893 /* MSCMemoryStorage.m in Sources */ = {isa = PBXBuildFile; fileRef = F705B34E17608D3900CE3893 /* MSCMemoryStorage.m */; };
		F705B3541760BE5600CE3893 /* MSCTestPersistantUseCase.m in Sources */ = {isa = PBXBuildFile; fileRef = F705B3531760BE5600CE3893 /* MSCTestPersistantUseCase.m */; };
		F705B3571760BEE000CE3893 /* MSCPersistantUseCase.m in Sources */ = {isa = PBXBuildFile; fileRef = F705B3561760BEE000CE3893 /* MSCPersistantUseCase.m */; };
		F705B35B1760F88400CE3893 /* MSCCatalogsController.m in Sources */ = {isa = PBXBuildFile; fileRef = F705B35A1760F88400CE3893 /* MSCCatalogsController.m */; };
		F7084A161756741D00B41797 /* MSCTimeTableValue.m in Sources */ = {isa = PBXBuildFile; fileRef = F7084A151756741D00B41797 /* MSCTimeTableValue.m */; };
		F7084A1A1756769700B41797 /* MSCTestTimeTableValue.m in Sources */ = {isa = PBXBuildFile; fileRef = F7084A191756769700B41797 /* MSCTestTimeTableValue.m */; };
		F7084A23175678D400B41797 /* MSCTestTimeTableItem.m in Sources */ = {isa = PBXBuildFile; fileRef = F7084A22175678D400B41797 /* MSCTestTimeTableItem.m */; };
		F716A1641751EA45007A7EFF /* NSString+DateComponents.m in Sources */ = {isa = PBXBuildFile; fileRef = F716A1631751EA45007A7EFF /* NSString+DateComponents.m */; };
		F716A1671751EA8F007A7EFF /* MSCTestNSString+DateComponents.m in Sources */ = {isa = PBXBuildFile; fileRef = F716A1661751EA8F007A7EFF /* MSCTestNSString+DateComponents.m */; };
		F72538E21749DF12002D06BE /* Cocoa.framework in Frameworks */ = {isa = PBXBuildFile; fileRef = F72538E11749DF12002D06BE /* Cocoa.framework */; };
		F72538EC1749DF12002D06BE /* InfoPlist.strings in Resources */ = {isa = PBXBuildFile; fileRef = F72538EA1749DF12002D06BE /* InfoPlist.strings */; };
		F72538EE1749DF12002D06BE /* main.m in Sources */ = {isa = PBXBuildFile; fileRef = F72538ED1749DF12002D06BE /* main.m */; };
		F72538F21749DF12002D06BE /* Credits.rtf in Resources */ = {isa = PBXBuildFile; fileRef = F72538F01749DF12002D06BE /* Credits.rtf */; };
		F72538F51749DF12002D06BE /* MSCAppDelegate.m in Sources */ = {isa = PBXBuildFile; fileRef = F72538F41749DF12002D06BE /* MSCAppDelegate.m */; };
		F72538F81749DF12002D06BE /* MainMenu.xib in Resources */ = {isa = PBXBuildFile; fileRef = F72538F61749DF12002D06BE /* MainMenu.xib */; };
		F72538FB1749DF12002D06BE /* MyTimetable.xcdatamodeld in Sources */ = {isa = PBXBuildFile; fileRef = F72538F91749DF12002D06BE /* MyTimetable.xcdatamodeld */; };
		F72539031749DF12002D06BE /* SenTestingKit.framework in Frameworks */ = {isa = PBXBuildFile; fileRef = F72539021749DF12002D06BE /* SenTestingKit.framework */; };
		F72539041749DF12002D06BE /* Cocoa.framework in Frameworks */ = {isa = PBXBuildFile; fileRef = F72538E11749DF12002D06BE /* Cocoa.framework */; };
		F725390C1749DF12002D06BE /* InfoPlist.strings in Resources */ = {isa = PBXBuildFile; fileRef = F725390A1749DF12002D06BE /* InfoPlist.strings */; };
		F725391F1749E072002D06BE /* MSCTimeTable.m in Sources */ = {isa = PBXBuildFile; fileRef = F725391E1749E072002D06BE /* MSCTimeTable.m */; };
		F72539221749E15C002D06BE /* MSCTimeTableItem.m in Sources */ = {isa = PBXBuildFile; fileRef = F72539211749E15C002D06BE /* MSCTimeTableItem.m */; };
		F72539281749E447002D06BE /* MSCCreateTimeTableUseCase.m in Sources */ = {isa = PBXBuildFile; fileRef = F72539271749E447002D06BE /* MSCCreateTimeTableUseCase.m */; };
		F725392C1749E4C3002D06BE /* MSCTestCreateTimeTableUseCase.m in Sources */ = {isa = PBXBuildFile; fileRef = F725392B1749E4C3002D06BE /* MSCTestCreateTimeTableUseCase.m */; };
		F757998A1765E57E00D79C7A /* MSCUpdateTimeTableUseCase.m in Sources */ = {isa = PBXBuildFile; fileRef = F75799891765E57E00D79C7A /* MSCUpdateTimeTableUseCase.m */; };
		F757998D1765E64300D79C7A /* MSCTestUpdateTimeTableUseCase.m in Sources */ = {isa = PBXBuildFile; fileRef = F757998C1765E64300D79C7A /* MSCTestUpdateTimeTableUseCase.m */; };
		F7579993176629D300D79C7A /* MSCTestTimeTable.m in Sources */ = {isa = PBXBuildFile; fileRef = F7579992176629D300D79C7A /* MSCTestTimeTable.m */; };
		F7B4BD791750E072007D5A80 /* NSDate+AddRemove.m in Sources */ = {isa = PBXBuildFile; fileRef = F7B4BD781750E072007D5A80 /* NSDate+AddRemove.m */; };
		F7B4BD7D1750E0C4007D5A80 /* MSCTestNSDate+AddRemove.m in Sources */ = {isa = PBXBuildFile; fileRef = F7B4BD7C1750E0C4007D5A80 /* MSCTestNSDate+AddRemove.m */; };
		F7BAB511175CA09A005A8609 /* MSCTimeTableInput.m in Sources */ = {isa = PBXBuildFile; fileRef = F7BAB510175CA09A005A8609 /* MSCTimeTableInput.m */; };
		F7BEEBD6176198320032945E /* Context.m in Sources */ = {isa = PBXBuildFile; fileRef = F7BEEBD5176198320032945E /* Context.m */; };
		F7BEEBE21761ACCB0032945E /* MSCView.m in Sources */ = {isa = PBXBuildFile; fileRef = F7BEEBE11761ACCB0032945E /* MSCView.m */; };
		F7BEEBE51761ADEC0032945E /* MSCCreateViewUseCase.m in Sources */ = {isa = PBXBuildFile; fileRef = F7BEEBE41761ADEC0032945E /* MSCCreateViewUseCase.m */; };
		F7BEEBE81761ADFE0032945E /* MSCTestCreateViewUseCase.m in Sources */ = {isa = PBXBuildFile; fileRef = F7BEEBE71761ADFE0032945E /* MSCTestCreateViewUseCase.m */; };
		F7BEEBEB1761AFA30032945E /* MSCViewInput.m in Sources */ = {isa = PBXBuildFile; fileRef = F7BEEBEA1761AFA30032945E /* MSCViewInput.m */; };
		F7BEEBEE1761BCB70032945E /* MSCPersistantCreatorUseCase.m in Sources */ = {isa = PBXBuildFile; fileRef = F7BEEBED1761BCB70032945E /* MSCPersistantCreatorUseCase.m */; };
		F7BEEBF11761BD5A0032945E /* MSCTestPersistantCreatorUseCase.m in Sources */ = {isa = PBXBuildFile; fileRef = F7BEEBF01761BD5A0032945E /* MSCTestPersistantCreatorUseCase.m */; };
		F7BEEBF41761BE130032945E /* MSCKeyValue.m in Sources */ = {isa = PBXBuildFile; fileRef = F7BEEBF31761BE130032945E /* MSCKeyValue.m */; };
		F7BEEBF71761BEBA0032945E /* MSCTestKeyValue.m in Sources */ = {isa = PBXBuildFile; fileRef = F7BEEBF61761BEBA0032945E /* MSCTestKeyValue.m */; };
		F7BEEBFA1761C2310032945E /* MSCFindViewsUseCase.m in Sources */ = {isa = PBXBuildFile; fileRef = F7BEEBF91761C2310032945E /* MSCFindViewsUseCase.m */; };
		F7BEEBFD1761C7B60032945E /* MSCTestFindViewsUseCase.m in Sources */ = {isa = PBXBuildFile; fileRef = F7BEEBFC1761C7B60032945E /* MSCTestFindViewsUseCase.m */; };
		F7BEEC0D1765AB440032945E /* MSCTestKeyValueUseCase.m in Sources */ = {isa = PBXBuildFile; fileRef = F7BEEC0C1765AB440032945E /* MSCTestKeyValueUseCase.m */; };
		F7BEEC101765ABB20032945E /* MSCKeyValueUseCase.m in Sources */ = {isa = PBXBuildFile; fileRef = F7BEEC0F1765ABB10032945E /* MSCKeyValueUseCase.m */; };
		F7BEEC161765BC690032945E /* MSCTestUIUseCase.m in Sources */ = {isa = PBXBuildFile; fileRef = F7BEEC151765BC690032945E /* MSCTestUIUseCase.m */; };
		F7BEEC1A1765D09A0032945E /* MSCFindViewsPresenter.m in Sources */ = {isa = PBXBuildFile; fileRef = F7BEEC191765D09A0032945E /* MSCFindViewsPresenter.m */; };
		F7BEEC211765D7160032945E /* MSCTestTimeTableResource.m in Sources */ = {isa = PBXBuildFile; fileRef = F7BEEC201765D7160032945E /* MSCTestTimeTableResource.m */; };
		F7BEEC271765D7E40032945E /* MSCTestTimeTableSupply.m in Sources */ = {isa = PBXBuildFile; fileRef = F7BEEC261765D7E30032945E /* MSCTestTimeTableSupply.m */; };
		F7D9332D176630330033963F /* MSCTestView.m in Sources */ = {isa = PBXBuildFile; fileRef = F7D9332C176630330033963F /* MSCTestView.m */; };
		F7D9333117663B350033963F /* MSCTimeTableGen.m in Sources */ = {isa = PBXBuildFile; fileRef = F7D9333017663B350033963F /* MSCTimeTableGen.m */; };
		F7D9333717663F520033963F /* MSCStringGen.m in Sources */ = {isa = PBXBuildFile; fileRef = F7D9333617663F520033963F /* MSCStringGen.m */; };
		F7D9333A17663FAE0033963F /* MSCNumberGen.m in Sources */ = {isa = PBXBuildFile; fileRef = F7D9333917663FAE0033963F /* MSCNumberGen.m */; };
		F7D9333E176640A80033963F /* MSCTestNumberGen.m in Sources */ = {isa = PBXBuildFile; fileRef = F7D9333D176640A80033963F /* MSCTestNumberGen.m */; };
/* End PBXBuildFile section */

/* Begin PBXContainerItemProxy section */
		F72539051749DF12002D06BE /* PBXContainerItemProxy */ = {
			isa = PBXContainerItemProxy;
			containerPortal = F72538D61749DF12002D06BE /* Project object */;
			proxyType = 1;
			remoteGlobalIDString = F72538DD1749DF12002D06BE;
			remoteInfo = MyTimetable;
		};
/* End PBXContainerItemProxy section */

/* Begin PBXFileReference section */
		F705B3391760561800CE3893 /* MSCTimeTableResource.h */ = {isa = PBXFileReference; fileEncoding = 4; lastKnownFileType = sourcecode.c.h; name = MSCTimeTableResource.h; path = Entities/MSCTimeTableResource.h; sourceTree = "<group>"; };
		F705B33A1760561800CE3893 /* MSCTimeTableResource.m */ = {isa = PBXFileReference; fileEncoding = 4; lastKnownFileType = sourcecode.c.objc; name = MSCTimeTableResource.m; path = Entities/MSCTimeTableResource.m; sourceTree = "<group>"; };
		F705B33F17605CC600CE3893 /* NSArray+Aggregates.h */ = {isa = PBXFileReference; fileEncoding = 4; lastKnownFileType = sourcecode.c.h; name = "NSArray+Aggregates.h"; path = "categories/NSArray+Aggregates.h"; sourceTree = "<group>"; };
		F705B34017605CC600CE3893 /* NSArray+Aggregates.m */ = {isa = PBXFileReference; fileEncoding = 4; lastKnownFileType = sourcecode.c.objc; name = "NSArray+Aggregates.m"; path = "categories/NSArray+Aggregates.m"; sourceTree = "<group>"; };
		F705B34317605D0C00CE3893 /* MSCTestNSArray+Aggregates.m */ = {isa = PBXFileReference; fileEncoding = 4; lastKnownFileType = sourcecode.c.objc; name = "MSCTestNSArray+Aggregates.m"; path = "categories/MSCTestNSArray+Aggregates.m"; sourceTree = "<group>"; };
		F705B34517606C5300CE3893 /* MSCTimeTableSupply.h */ = {isa = PBXFileReference; fileEncoding = 4; lastKnownFileType = sourcecode.c.h; name = MSCTimeTableSupply.h; path = Entities/MSCTimeTableSupply.h; sourceTree = "<group>"; };
		F705B34617606C5300CE3893 /* MSCTimeTableSupply.m */ = {isa = PBXFileReference; fileEncoding = 4; lastKnownFileType = sourcecode.c.objc; name = MSCTimeTableSupply.m; path = Entities/MSCTimeTableSupply.m; sourceTree = "<group>"; };
		F705B34A17608B7C00CE3893 /* MSCTestMemoryStorage.m */ = {isa = PBXFileReference; fileEncoding = 4; lastKnownFileType = sourcecode.c.objc; name = MSCTestMemoryStorage.m; path = persist/MSCTestMemoryStorage.m; sourceTree = "<group>"; };
		F705B34D17608D3900CE3893 /* MSCMemoryStorage.h */ = {isa = PBXFileReference; fileEncoding = 4; lastKnownFileType = sourcecode.c.h; name = MSCMemoryStorage.h; path = persist/MSCMemoryStorage.h; sourceTree = "<group>"; };
		F705B34E17608D3900CE3893 /* MSCMemoryStorage.m */ = {isa = PBXFileReference; fileEncoding = 4; lastKnownFileType = sourcecode.c.objc; name = MSCMemoryStorage.m; path = persist/MSCMemoryStorage.m; sourceTree = "<group>"; };
		F705B35017608E6200CE3893 /* MSCStorage.h */ = {isa = PBXFileReference; lastKnownFileType = sourcecode.c.h; name = MSCStorage.h; path = persist/MSCStorage.h; sourceTree = "<group>"; };
		F705B3511760943900CE3893 /* MSCStorageItem.h */ = {isa = PBXFileReference; lastKnownFileType = sourcecode.c.h; name = MSCStorageItem.h; path = persist/MSCStorageItem.h; sourceTree = "<group>"; };
		F705B3531760BE5600CE3893 /* MSCTestPersistantUseCase.m */ = {isa = PBXFileReference; fileEncoding = 4; lastKnownFileType = sourcecode.c.objc; name = MSCTestPersistantUseCase.m; path = TestUseCases/MSCTestPersistantUseCase.m; sourceTree = "<group>"; };
		F705B3551760BEE000CE3893 /* MSCPersistantUseCase.h */ = {isa = PBXFileReference; fileEncoding = 4; lastKnownFileType = sourcecode.c.h; name = MSCPersistantUseCase.h; path = UseCases/MSCPersistantUseCase.h; sourceTree = "<group>"; };
		F705B3561760BEE000CE3893 /* MSCPersistantUseCase.m */ = {isa = PBXFileReference; fileEncoding = 4; lastKnownFileType = sourcecode.c.objc; name = MSCPersistantUseCase.m; path = UseCases/MSCPersistantUseCase.m; sourceTree = "<group>"; };
		F705B3591760F88400CE3893 /* MSCCatalogsController.h */ = {isa = PBXFileReference; fileEncoding = 4; lastKnownFileType = sourcecode.c.h; name = MSCCatalogsController.h; path = controllers/MSCCatalogsController.h; sourceTree = "<group>"; };
		F705B35A1760F88400CE3893 /* MSCCatalogsController.m */ = {isa = PBXFileReference; fileEncoding = 4; lastKnownFileType = sourcecode.c.objc; name = MSCCatalogsController.m; path = controllers/MSCCatalogsController.m; sourceTree = "<group>"; };
		F7084A141756741D00B41797 /* MSCTimeTableValue.h */ = {isa = PBXFileReference; fileEncoding = 4; lastKnownFileType = sourcecode.c.h; name = MSCTimeTableValue.h; path = Entities/MSCTimeTableValue.h; sourceTree = "<group>"; };
		F7084A151756741D00B41797 /* MSCTimeTableValue.m */ = {isa = PBXFileReference; fileEncoding = 4; lastKnownFileType = sourcecode.c.objc; name = MSCTimeTableValue.m; path = Entities/MSCTimeTableValue.m; sourceTree = "<group>"; };
		F7084A191756769700B41797 /* MSCTestTimeTableValue.m */ = {isa = PBXFileReference; fileEncoding = 4; lastKnownFileType = sourcecode.c.objc; name = MSCTestTimeTableValue.m; path = entities/MSCTestTimeTableValue.m; sourceTree = "<group>"; };
		F7084A22175678D400B41797 /* MSCTestTimeTableItem.m */ = {isa = PBXFileReference; fileEncoding = 4; lastKnownFileType = sourcecode.c.objc; name = MSCTestTimeTableItem.m; path = entities/MSCTestTimeTableItem.m; sourceTree = "<group>"; };
		F716A1621751EA45007A7EFF /* NSString+DateComponents.h */ = {isa = PBXFileReference; fileEncoding = 4; lastKnownFileType = sourcecode.c.h; name = "NSString+DateComponents.h"; path = "categories/NSString+DateComponents.h"; sourceTree = "<group>"; };
		F716A1631751EA45007A7EFF /* NSString+DateComponents.m */ = {isa = PBXFileReference; fileEncoding = 4; lastKnownFileType = sourcecode.c.objc; name = "NSString+DateComponents.m"; path = "categories/NSString+DateComponents.m"; sourceTree = "<group>"; };
		F716A1661751EA8F007A7EFF /* MSCTestNSString+DateComponents.m */ = {isa = PBXFileReference; fileEncoding = 4; lastKnownFileType = sourcecode.c.objc; name = "MSCTestNSString+DateComponents.m"; path = "categories/MSCTestNSString+DateComponents.m"; sourceTree = "<group>"; };
		F72538DE1749DF12002D06BE /* MyTimetable.app */ = {isa = PBXFileReference; explicitFileType = wrapper.application; includeInIndex = 0; path = MyTimetable.app; sourceTree = BUILT_PRODUCTS_DIR; };
		F72538E11749DF12002D06BE /* Cocoa.framework */ = {isa = PBXFileReference; lastKnownFileType = wrapper.framework; name = Cocoa.framework; path = System/Library/Frameworks/Cocoa.framework; sourceTree = SDKROOT; };
		F72538E41749DF12002D06BE /* AppKit.framework */ = {isa = PBXFileReference; lastKnownFileType = wrapper.framework; name = AppKit.framework; path = System/Library/Frameworks/AppKit.framework; sourceTree = SDKROOT; };
		F72538E51749DF12002D06BE /* CoreData.framework */ = {isa = PBXFileReference; lastKnownFileType = wrapper.framework; name = CoreData.framework; path = System/Library/Frameworks/CoreData.framework; sourceTree = SDKROOT; };
		F72538E61749DF12002D06BE /* Foundation.framework */ = {isa = PBXFileReference; lastKnownFileType = wrapper.framework; name = Foundation.framework; path = System/Library/Frameworks/Foundation.framework; sourceTree = SDKROOT; };
		F72538E91749DF12002D06BE /* MyTimetable-Info.plist */ = {isa = PBXFileReference; lastKnownFileType = text.plist.xml; path = "MyTimetable-Info.plist"; sourceTree = "<group>"; };
		F72538EB1749DF12002D06BE /* en */ = {isa = PBXFileReference; lastKnownFileType = text.plist.strings; name = en; path = en.lproj/InfoPlist.strings; sourceTree = "<group>"; };
		F72538ED1749DF12002D06BE /* main.m */ = {isa = PBXFileReference; lastKnownFileType = sourcecode.c.objc; path = main.m; sourceTree = "<group>"; };
		F72538EF1749DF12002D06BE /* MyTimetable-Prefix.pch */ = {isa = PBXFileReference; lastKnownFileType = sourcecode.c.h; path = "MyTimetable-Prefix.pch"; sourceTree = "<group>"; };
		F72538F11749DF12002D06BE /* en */ = {isa = PBXFileReference; lastKnownFileType = text.rtf; name = en; path = en.lproj/Credits.rtf; sourceTree = "<group>"; };
		F72538F31749DF12002D06BE /* MSCAppDelegate.h */ = {isa = PBXFileReference; lastKnownFileType = sourcecode.c.h; path = MSCAppDelegate.h; sourceTree = "<group>"; };
		F72538F41749DF12002D06BE /* MSCAppDelegate.m */ = {isa = PBXFileReference; lastKnownFileType = sourcecode.c.objc; path = MSCAppDelegate.m; sourceTree = "<group>"; };
		F72538F71749DF12002D06BE /* en */ = {isa = PBXFileReference; lastKnownFileType = file.xib; name = en; path = en.lproj/MainMenu.xib; sourceTree = "<group>"; };
		F72538FA1749DF12002D06BE /* MyTimetable.xcdatamodel */ = {isa = PBXFileReference; lastKnownFileType = wrapper.xcdatamodel; path = MyTimetable.xcdatamodel; sourceTree = "<group>"; };
		F72539011749DF12002D06BE /* MyTimetableTests.octest */ = {isa = PBXFileReference; explicitFileType = wrapper.cfbundle; includeInIndex = 0; path = MyTimetableTests.octest; sourceTree = BUILT_PRODUCTS_DIR; };
		F72539021749DF12002D06BE /* SenTestingKit.framework */ = {isa = PBXFileReference; lastKnownFileType = wrapper.framework; name = SenTestingKit.framework; path = Library/Frameworks/SenTestingKit.framework; sourceTree = DEVELOPER_DIR; };
		F72539091749DF12002D06BE /* MyTimetableTests-Info.plist */ = {isa = PBXFileReference; lastKnownFileType = text.plist.xml; path = "MyTimetableTests-Info.plist"; sourceTree = "<group>"; };
		F725390B1749DF12002D06BE /* en */ = {isa = PBXFileReference; lastKnownFileType = text.plist.strings; name = en; path = en.lproj/InfoPlist.strings; sourceTree = "<group>"; };
		F725391D1749E072002D06BE /* MSCTimeTable.h */ = {isa = PBXFileReference; fileEncoding = 4; lastKnownFileType = sourcecode.c.h; name = MSCTimeTable.h; path = Entities/MSCTimeTable.h; sourceTree = "<group>"; };
		F725391E1749E072002D06BE /* MSCTimeTable.m */ = {isa = PBXFileReference; fileEncoding = 4; lastKnownFileType = sourcecode.c.objc; name = MSCTimeTable.m; path = Entities/MSCTimeTable.m; sourceTree = "<group>"; };
		F72539201749E15C002D06BE /* MSCTimeTableItem.h */ = {isa = PBXFileReference; fileEncoding = 4; lastKnownFileType = sourcecode.c.h; name = MSCTimeTableItem.h; path = Entities/MSCTimeTableItem.h; sourceTree = "<group>"; };
		F72539211749E15C002D06BE /* MSCTimeTableItem.m */ = {isa = PBXFileReference; fileEncoding = 4; lastKnownFileType = sourcecode.c.objc; name = MSCTimeTableItem.m; path = Entities/MSCTimeTableItem.m; sourceTree = "<group>"; };
		F72539261749E447002D06BE /* MSCCreateTimeTableUseCase.h */ = {isa = PBXFileReference; fileEncoding = 4; lastKnownFileType = sourcecode.c.h; name = MSCCreateTimeTableUseCase.h; path = UseCases/MSCCreateTimeTableUseCase.h; sourceTree = "<group>"; };
		F72539271749E447002D06BE /* MSCCreateTimeTableUseCase.m */ = {isa = PBXFileReference; fileEncoding = 4; lastKnownFileType = sourcecode.c.objc; name = MSCCreateTimeTableUseCase.m; path = UseCases/MSCCreateTimeTableUseCase.m; sourceTree = "<group>"; };
		F725392B1749E4C3002D06BE /* MSCTestCreateTimeTableUseCase.m */ = {isa = PBXFileReference; fileEncoding = 4; lastKnownFileType = sourcecode.c.objc; name = MSCTestCreateTimeTableUseCase.m; path = TestUseCases/MSCTestCreateTimeTableUseCase.m; sourceTree = "<group>"; };
		F75799881765E57E00D79C7A /* MSCUpdateTimeTableUseCase.h */ = {isa = PBXFileReference; fileEncoding = 4; lastKnownFileType = sourcecode.c.h; name = MSCUpdateTimeTableUseCase.h; path = UseCases/MSCUpdateTimeTableUseCase.h; sourceTree = "<group>"; };
		F75799891765E57E00D79C7A /* MSCUpdateTimeTableUseCase.m */ = {isa = PBXFileReference; fileEncoding = 4; lastKnownFileType = sourcecode.c.objc; name = MSCUpdateTimeTableUseCase.m; path = UseCases/MSCUpdateTimeTableUseCase.m; sourceTree = "<group>"; };
		F757998C1765E64300D79C7A /* MSCTestUpdateTimeTableUseCase.m */ = {isa = PBXFileReference; fileEncoding = 4; lastKnownFileType = sourcecode.c.objc; name = MSCTestUpdateTimeTableUseCase.m; path = TestUseCases/MSCTestUpdateTimeTableUseCase.m; sourceTree = "<group>"; };
		F7579992176629D300D79C7A /* MSCTestTimeTable.m */ = {isa = PBXFileReference; fileEncoding = 4; lastKnownFileType = sourcecode.c.objc; name = MSCTestTimeTable.m; path = entities/MSCTestTimeTable.m; sourceTree = "<group>"; };
		F7B4BD771750E072007D5A80 /* NSDate+AddRemove.h */ = {isa = PBXFileReference; fileEncoding = 4; lastKnownFileType = sourcecode.c.h; name = "NSDate+AddRemove.h"; path = "categories/NSDate+AddRemove.h"; sourceTree = "<group>"; };
		F7B4BD781750E072007D5A80 /* NSDate+AddRemove.m */ = {isa = PBXFileReference; fileEncoding = 4; lastKnownFileType = sourcecode.c.objc; name = "NSDate+AddRemove.m"; path = "categories/NSDate+AddRemove.m"; sourceTree = "<group>"; };
		F7B4BD7C1750E0C4007D5A80 /* MSCTestNSDate+AddRemove.m */ = {isa = PBXFileReference; fileEncoding = 4; lastKnownFileType = sourcecode.c.objc; name = "MSCTestNSDate+AddRemove.m"; path = "categories/MSCTestNSDate+AddRemove.m"; sourceTree = "<group>"; };
		F7BAB50F175CA09A005A8609 /* MSCTimeTableInput.h */ = {isa = PBXFileReference; fileEncoding = 4; lastKnownFileType = sourcecode.c.h; name = MSCTimeTableInput.h; path = Entities/MSCTimeTableInput.h; sourceTree = "<group>"; };
		F7BAB510175CA09A005A8609 /* MSCTimeTableInput.m */ = {isa = PBXFileReference; fileEncoding = 4; lastKnownFileType = sourcecode.c.objc; name = MSCTimeTableInput.m; path = Entities/MSCTimeTableInput.m; sourceTree = "<group>"; };
		F7BEEBD4176198320032945E /* Context.h */ = {isa = PBXFileReference; fileEncoding = 4; lastKnownFileType = sourcecode.c.h; path = Context.h; sourceTree = "<group>"; };
		F7BEEBD5176198320032945E /* Context.m */ = {isa = PBXFileReference; fileEncoding = 4; lastKnownFileType = sourcecode.c.objc; path = Context.m; sourceTree = "<group>"; };
		F7BEEBE01761ACCB0032945E /* MSCView.h */ = {isa = PBXFileReference; fileEncoding = 4; lastKnownFileType = sourcecode.c.h; name = MSCView.h; path = Entities/MSCView.h; sourceTree = "<group>"; };
		F7BEEBE11761ACCB0032945E /* MSCView.m */ = {isa = PBXFileReference; fileEncoding = 4; lastKnownFileType = sourcecode.c.objc; name = MSCView.m; path = Entities/MSCView.m; sourceTree = "<group>"; };
		F7BEEBE31761ADEC0032945E /* MSCCreateViewUseCase.h */ = {isa = PBXFileReference; fileEncoding = 4; lastKnownFileType = sourcecode.c.h; name = MSCCreateViewUseCase.h; path = UseCases/MSCCreateViewUseCase.h; sourceTree = "<group>"; };
		F7BEEBE41761ADEC0032945E /* MSCCreateViewUseCase.m */ = {isa = PBXFileReference; fileEncoding = 4; lastKnownFileType = sourcecode.c.objc; name = MSCCreateViewUseCase.m; path = UseCases/MSCCreateViewUseCase.m; sourceTree = "<group>"; };
		F7BEEBE71761ADFE0032945E /* MSCTestCreateViewUseCase.m */ = {isa = PBXFileReference; fileEncoding = 4; lastKnownFileType = sourcecode.c.objc; name = MSCTestCreateViewUseCase.m; path = TestUseCases/MSCTestCreateViewUseCase.m; sourceTree = "<group>"; };
		F7BEEBE91761AFA30032945E /* MSCViewInput.h */ = {isa = PBXFileReference; fileEncoding = 4; lastKnownFileType = sourcecode.c.h; name = MSCViewInput.h; path = Entities/MSCViewInput.h; sourceTree = "<group>"; };
		F7BEEBEA1761AFA30032945E /* MSCViewInput.m */ = {isa = PBXFileReference; fileEncoding = 4; lastKnownFileType = sourcecode.c.objc; name = MSCViewInput.m; path = Entities/MSCViewInput.m; sourceTree = "<group>"; };
		F7BEEBEC1761BCB70032945E /* MSCPersistantCreatorUseCase.h */ = {isa = PBXFileReference; fileEncoding = 4; lastKnownFileType = sourcecode.c.h; name = MSCPersistantCreatorUseCase.h; path = UseCases/MSCPersistantCreatorUseCase.h; sourceTree = "<group>"; };
		F7BEEBED1761BCB70032945E /* MSCPersistantCreatorUseCase.m */ = {isa = PBXFileReference; fileEncoding = 4; lastKnownFileType = sourcecode.c.objc; name = MSCPersistantCreatorUseCase.m; path = UseCases/MSCPersistantCreatorUseCase.m; sourceTree = "<group>"; };
		F7BEEBF01761BD5A0032945E /* MSCTestPersistantCreatorUseCase.m */ = {isa = PBXFileReference; fileEncoding = 4; lastKnownFileType = sourcecode.c.objc; name = MSCTestPersistantCreatorUseCase.m; path = TestUseCases/MSCTestPersistantCreatorUseCase.m; sourceTree = "<group>"; };
		F7BEEBF21761BE130032945E /* MSCKeyValue.h */ = {isa = PBXFileReference; fileEncoding = 4; lastKnownFileType = sourcecode.c.h; name = MSCKeyValue.h; path = Entities/MSCKeyValue.h; sourceTree = "<group>"; };
		F7BEEBF31761BE130032945E /* MSCKeyValue.m */ = {isa = PBXFileReference; fileEncoding = 4; lastKnownFileType = sourcecode.c.objc; name = MSCKeyValue.m; path = Entities/MSCKeyValue.m; sourceTree = "<group>"; };
		F7BEEBF61761BEBA0032945E /* MSCTestKeyValue.m */ = {isa = PBXFileReference; fileEncoding = 4; lastKnownFileType = sourcecode.c.objc; name = MSCTestKeyValue.m; path = entities/MSCTestKeyValue.m; sourceTree = "<group>"; };
		F7BEEBF81761C2310032945E /* MSCFindViewsUseCase.h */ = {isa = PBXFileReference; fileEncoding = 4; lastKnownFileType = sourcecode.c.h; name = MSCFindViewsUseCase.h; path = UseCases/MSCFindViewsUseCase.h; sourceTree = "<group>"; };
		F7BEEBF91761C2310032945E /* MSCFindViewsUseCase.m */ = {isa = PBXFileReference; fileEncoding = 4; lastKnownFileType = sourcecode.c.objc; name = MSCFindViewsUseCase.m; path = UseCases/MSCFindViewsUseCase.m; sourceTree = "<group>"; };
		F7BEEBFC1761C7B60032945E /* MSCTestFindViewsUseCase.m */ = {isa = PBXFileReference; fileEncoding = 4; lastKnownFileType = sourcecode.c.objc; name = MSCTestFindViewsUseCase.m; path = TestUseCases/MSCTestFindViewsUseCase.m; sourceTree = "<group>"; };
		F7BEEC0C1765AB440032945E /* MSCTestKeyValueUseCase.m */ = {isa = PBXFileReference; fileEncoding = 4; lastKnownFileType = sourcecode.c.objc; name = MSCTestKeyValueUseCase.m; path = TestUseCases/MSCTestKeyValueUseCase.m; sourceTree = "<group>"; };
		F7BEEC0E1765ABB10032945E /* MSCKeyValueUseCase.h */ = {isa = PBXFileReference; fileEncoding = 4; lastKnownFileType = sourcecode.c.h; name = MSCKeyValueUseCase.h; path = UseCases/MSCKeyValueUseCase.h; sourceTree = "<group>"; };
		F7BEEC0F1765ABB10032945E /* MSCKeyValueUseCase.m */ = {isa = PBXFileReference; fileEncoding = 4; lastKnownFileType = sourcecode.c.objc; name = MSCKeyValueUseCase.m; path = UseCases/MSCKeyValueUseCase.m; sourceTree = "<group>"; };
		F7BEEC141765BC680032945E /* MSCTestUIUseCase.h */ = {isa = PBXFileReference; fileEncoding = 4; lastKnownFileType = sourcecode.c.h; name = MSCTestUIUseCase.h; path = UseCases/MSCTestUIUseCase.h; sourceTree = "<group>"; };
		F7BEEC151765BC690032945E /* MSCTestUIUseCase.m */ = {isa = PBXFileReference; fileEncoding = 4; lastKnownFileType = sourcecode.c.objc; name = MSCTestUIUseCase.m; path = UseCases/MSCTestUIUseCase.m; sourceTree = "<group>"; };
		F7BEEC181765D09A0032945E /* MSCFindViewsPresenter.h */ = {isa = PBXFileReference; fileEncoding = 4; lastKnownFileType = sourcecode.c.h; name = MSCFindViewsPresenter.h; path = presenters/MSCFindViewsPresenter.h; sourceTree = "<group>"; };
		F7BEEC191765D09A0032945E /* MSCFindViewsPresenter.m */ = {isa = PBXFileReference; fileEncoding = 4; lastKnownFileType = sourcecode.c.objc; name = MSCFindViewsPresenter.m; path = presenters/MSCFindViewsPresenter.m; sourceTree = "<group>"; };
		F7BEEC201765D7160032945E /* MSCTestTimeTableResource.m */ = {isa = PBXFileReference; fileEncoding = 4; lastKnownFileType = sourcecode.c.objc; name = MSCTestTimeTableResource.m; path = entities/MSCTestTimeTableResource.m; sourceTree = "<group>"; };
		F7BEEC261765D7E30032945E /* MSCTestTimeTableSupply.m */ = {isa = PBXFileReference; fileEncoding = 4; lastKnownFileType = sourcecode.c.objc; name = MSCTestTimeTableSupply.m; path = entities/MSCTestTimeTableSupply.m; sourceTree = "<group>"; };
		F7D9332C176630330033963F /* MSCTestView.m */ = {isa = PBXFileReference; fileEncoding = 4; lastKnownFileType = sourcecode.c.objc; name = MSCTestView.m; path = entities/MSCTestView.m; sourceTree = "<group>"; };
		F7D9332F17663B350033963F /* MSCTimeTableGen.h */ = {isa = PBXFileReference; fileEncoding = 4; lastKnownFileType = sourcecode.c.h; name = MSCTimeTableGen.h; path = generators/MSCTimeTableGen.h; sourceTree = "<group>"; };
		F7D9333017663B350033963F /* MSCTimeTableGen.m */ = {isa = PBXFileReference; fileEncoding = 4; lastKnownFileType = sourcecode.c.objc; name = MSCTimeTableGen.m; path = generators/MSCTimeTableGen.m; sourceTree = "<group>"; };
		F7D9333517663F520033963F /* MSCStringGen.h */ = {isa = PBXFileReference; fileEncoding = 4; lastKnownFileType = sourcecode.c.h; name = MSCStringGen.h; path = generators/MSCStringGen.h; sourceTree = "<group>"; };
		F7D9333617663F520033963F /* MSCStringGen.m */ = {isa = PBXFileReference; fileEncoding = 4; lastKnownFileType = sourcecode.c.objc; name = MSCStringGen.m; path = generators/MSCStringGen.m; sourceTree = "<group>"; };
		F7D9333817663FAE0033963F /* MSCNumberGen.h */ = {isa = PBXFileReference; fileEncoding = 4; lastKnownFileType = sourcecode.c.h; name = MSCNumberGen.h; path = generators/MSCNumberGen.h; sourceTree = "<group>"; };
		F7D9333917663FAE0033963F /* MSCNumberGen.m */ = {isa = PBXFileReference; fileEncoding = 4; lastKnownFileType = sourcecode.c.objc; name = MSCNumberGen.m; path = generators/MSCNumberGen.m; sourceTree = "<group>"; };
		F7D9333D176640A80033963F /* MSCTestNumberGen.m */ = {isa = PBXFileReference; fileEncoding = 4; lastKnownFileType = sourcecode.c.objc; name = MSCTestNumberGen.m; path = generators/MSCTestNumberGen.m; sourceTree = "<group>"; };
/* End PBXFileReference section */

/* Begin PBXFrameworksBuildPhase section */
		F72538DB1749DF12002D06BE /* Frameworks */ = {
			isa = PBXFrameworksBuildPhase;
			buildActionMask = 2147483647;
			files = (
				F72538E21749DF12002D06BE /* Cocoa.framework in Frameworks */,
			);
			runOnlyForDeploymentPostprocessing = 0;
		};
		F72538FD1749DF12002D06BE /* Frameworks */ = {
			isa = PBXFrameworksBuildPhase;
			buildActionMask = 2147483647;
			files = (
				F72539031749DF12002D06BE /* SenTestingKit.framework in Frameworks */,
				F72539041749DF12002D06BE /* Cocoa.framework in Frameworks */,
			);
			runOnlyForDeploymentPostprocessing = 0;
		};
/* End PBXFrameworksBuildPhase section */

/* Begin PBXGroup section */
		F705B34817608B4500CE3893 /* Persist */ = {
			isa = PBXGroup;
			children = (
				F705B34A17608B7C00CE3893 /* MSCTestMemoryStorage.m */,
			);
			name = Persist;
			sourceTree = "<group>";
		};
		F705B34C17608D2500CE3893 /* Persist */ = {
			isa = PBXGroup;
			children = (
				F705B34D17608D3900CE3893 /* MSCMemoryStorage.h */,
				F705B34E17608D3900CE3893 /* MSCMemoryStorage.m */,
				F705B35017608E6200CE3893 /* MSCStorage.h */,
				F705B3511760943900CE3893 /* MSCStorageItem.h */,
			);
			name = Persist;
			sourceTree = "<group>";
		};
		F705B3581760F85900CE3893 /* Controllers */ = {
			isa = PBXGroup;
			children = (
				F705B3591760F88400CE3893 /* MSCCatalogsController.h */,
				F705B35A1760F88400CE3893 /* MSCCatalogsController.m */,
			);
			name = Controllers;
			sourceTree = "<group>";
		};
		F7084A171756765300B41797 /* Entities */ = {
			isa = PBXGroup;
			children = (
				F7084A191756769700B41797 /* MSCTestTimeTableValue.m */,
				F7084A22175678D400B41797 /* MSCTestTimeTableItem.m */,
				F7BEEC261765D7E30032945E /* MSCTestTimeTableSupply.m */,
				F7BEEC201765D7160032945E /* MSCTestTimeTableResource.m */,
				F7BEEBF61761BEBA0032945E /* MSCTestKeyValue.m */,
				F7579992176629D300D79C7A /* MSCTestTimeTable.m */,
				F7D9332C176630330033963F /* MSCTestView.m */,
			);
			name = Entities;
			sourceTree = "<group>";
		};
		F72538D51749DF12002D06BE = {
			isa = PBXGroup;
			children = (
				F72538E71749DF12002D06BE /* MyTimetable */,
				F72539071749DF12002D06BE /* MyTimetableTests */,
				F72538E01749DF12002D06BE /* Frameworks */,
				F72538DF1749DF12002D06BE /* Products */,
			);
			sourceTree = "<group>";
		};
		F72538DF1749DF12002D06BE /* Products */ = {
			isa = PBXGroup;
			children = (
				F72538DE1749DF12002D06BE /* MyTimetable.app */,
				F72539011749DF12002D06BE /* MyTimetableTests.octest */,
			);
			name = Products;
			sourceTree = "<group>";
		};
		F72538E01749DF12002D06BE /* Frameworks */ = {
			isa = PBXGroup;
			children = (
				F72538E11749DF12002D06BE /* Cocoa.framework */,
				F72539021749DF12002D06BE /* SenTestingKit.framework */,
				F72538E31749DF12002D06BE /* Other Frameworks */,
			);
			name = Frameworks;
			sourceTree = "<group>";
		};
		F72538E31749DF12002D06BE /* Other Frameworks */ = {
			isa = PBXGroup;
			children = (
				F72538E41749DF12002D06BE /* AppKit.framework */,
				F72538E51749DF12002D06BE /* CoreData.framework */,
				F72538E61749DF12002D06BE /* Foundation.framework */,
			);
			name = "Other Frameworks";
			sourceTree = "<group>";
		};
		F72538E71749DF12002D06BE /* MyTimetable */ = {
			isa = PBXGroup;
			children = (
				F7D9332E17663B180033963F /* Generators */,
				F7BEEC171765D02D0032945E /* Presenters */,
				F705B3581760F85900CE3893 /* Controllers */,
				F705B34C17608D2500CE3893 /* Persist */,
				F7B4BD761750E031007D5A80 /* Categories */,
				F72539191749DF40002D06BE /* Entities */,
				F72539181749DF39002D06BE /* UseCases */,
				F72538F31749DF12002D06BE /* MSCAppDelegate.h */,
				F72538F41749DF12002D06BE /* MSCAppDelegate.m */,
				F72538F61749DF12002D06BE /* MainMenu.xib */,
				F72538F91749DF12002D06BE /* MyTimetable.xcdatamodeld */,
				F7BEEBD4176198320032945E /* Context.h */,
				F7BEEBD5176198320032945E /* Context.m */,
				F72538E81749DF12002D06BE /* Supporting Files */,
			);
			path = MyTimetable;
			sourceTree = "<group>";
		};
		F72538E81749DF12002D06BE /* Supporting Files */ = {
			isa = PBXGroup;
			children = (
				F72538E91749DF12002D06BE /* MyTimetable-Info.plist */,
				F72538EA1749DF12002D06BE /* InfoPlist.strings */,
				F72538ED1749DF12002D06BE /* main.m */,
				F72538EF1749DF12002D06BE /* MyTimetable-Prefix.pch */,
				F72538F01749DF12002D06BE /* Credits.rtf */,
			);
			name = "Supporting Files";
			sourceTree = "<group>";
		};
		F72539071749DF12002D06BE /* MyTimetableTests */ = {
			isa = PBXGroup;
			children = (
				F7D9333B1766408F0033963F /* Generators */,
				F705B34817608B4500CE3893 /* Persist */,
				F7084A171756765300B41797 /* Entities */,
				F7B4BD7A1750E0A6007D5A80 /* Categories */,
				F72539291749E498002D06BE /* TestUseCases */,
				F72539081749DF12002D06BE /* Supporting Files */,
			);
			path = MyTimetableTests;
			sourceTree = "<group>";
		};
		F72539081749DF12002D06BE /* Supporting Files */ = {
			isa = PBXGroup;
			children = (
				F72539091749DF12002D06BE /* MyTimetableTests-Info.plist */,
				F725390A1749DF12002D06BE /* InfoPlist.strings */,
			);
			name = "Supporting Files";
			sourceTree = "<group>";
		};
		F72539181749DF39002D06BE /* UseCases */ = {
			isa = PBXGroup;
			children = (
				F72539261749E447002D06BE /* MSCCreateTimeTableUseCase.h */,
				F72539271749E447002D06BE /* MSCCreateTimeTableUseCase.m */,
				F75799881765E57E00D79C7A /* MSCUpdateTimeTableUseCase.h */,
				F75799891765E57E00D79C7A /* MSCUpdateTimeTableUseCase.m */,
				F7BEEBE31761ADEC0032945E /* MSCCreateViewUseCase.h */,
				F7BEEBE41761ADEC0032945E /* MSCCreateViewUseCase.m */,
				F705B3551760BEE000CE3893 /* MSCPersistantUseCase.h */,
				F705B3561760BEE000CE3893 /* MSCPersistantUseCase.m */,
				F7BEEBEC1761BCB70032945E /* MSCPersistantCreatorUseCase.h */,
				F7BEEBED1761BCB70032945E /* MSCPersistantCreatorUseCase.m */,
				F7BEEC0E1765ABB10032945E /* MSCKeyValueUseCase.h */,
				F7BEEC0F1765ABB10032945E /* MSCKeyValueUseCase.m */,
				F7BEEBF81761C2310032945E /* MSCFindViewsUseCase.h */,
				F7BEEBF91761C2310032945E /* MSCFindViewsUseCase.m */,
				F7BEEC141765BC680032945E /* MSCTestUIUseCase.h */,
				F7BEEC151765BC690032945E /* MSCTestUIUseCase.m */,
			);
			name = UseCases;
			sourceTree = "<group>";
		};
		F72539191749DF40002D06BE /* Entities */ = {
			isa = PBXGroup;
			children = (
				F725391D1749E072002D06BE /* MSCTimeTable.h */,
				F725391E1749E072002D06BE /* MSCTimeTable.m */,
				F72539201749E15C002D06BE /* MSCTimeTableItem.h */,
				F72539211749E15C002D06BE /* MSCTimeTableItem.m */,
				F7084A141756741D00B41797 /* MSCTimeTableValue.h */,
				F7084A151756741D00B41797 /* MSCTimeTableValue.m */,
				F7BAB50F175CA09A005A8609 /* MSCTimeTableInput.h */,
				F7BAB510175CA09A005A8609 /* MSCTimeTableInput.m */,
				F705B3391760561800CE3893 /* MSCTimeTableResource.h */,
				F705B33A1760561800CE3893 /* MSCTimeTableResource.m */,
				F705B34517606C5300CE3893 /* MSCTimeTableSupply.h */,
				F705B34617606C5300CE3893 /* MSCTimeTableSupply.m */,
				F7BEEBE01761ACCB0032945E /* MSCView.h */,
				F7BEEBE11761ACCB0032945E /* MSCView.m */,
				F7BEEBE91761AFA30032945E /* MSCViewInput.h */,
				F7BEEBEA1761AFA30032945E /* MSCViewInput.m */,
				F7BEEBF21761BE130032945E /* MSCKeyValue.h */,
				F7BEEBF31761BE130032945E /* MSCKeyValue.m */,
			);
			name = Entities;
			sourceTree = "<group>";
		};
		F72539291749E498002D06BE /* TestUseCases */ = {
			isa = PBXGroup;
			children = (
				F725392B1749E4C3002D06BE /* MSCTestCreateTimeTableUseCase.m */,
				F757998C1765E64300D79C7A /* MSCTestUpdateTimeTableUseCase.m */,
				F7BEEBE71761ADFE0032945E /* MSCTestCreateViewUseCase.m */,
				F705B3531760BE5600CE3893 /* MSCTestPersistantUseCase.m */,
				F7BEEBF01761BD5A0032945E /* MSCTestPersistantCreatorUseCase.m */,
				F7BEEC0C1765AB440032945E /* MSCTestKeyValueUseCase.m */,
				F7BEEBFC1761C7B60032945E /* MSCTestFindViewsUseCase.m */,
			);
			name = TestUseCases;
			sourceTree = "<group>";
		};
		F7B4BD761750E031007D5A80 /* Categories */ = {
			isa = PBXGroup;
			children = (
				F7B4BD771750E072007D5A80 /* NSDate+AddRemove.h */,
				F7B4BD781750E072007D5A80 /* NSDate+AddRemove.m */,
				F716A1621751EA45007A7EFF /* NSString+DateComponents.h */,
				F716A1631751EA45007A7EFF /* NSString+DateComponents.m */,
				F705B33F17605CC600CE3893 /* NSArray+Aggregates.h */,
				F705B34017605CC600CE3893 /* NSArray+Aggregates.m */,
			);
			name = Categories;
			sourceTree = "<group>";
		};
		F7B4BD7A1750E0A6007D5A80 /* Categories */ = {
			isa = PBXGroup;
			children = (
				F7B4BD7C1750E0C4007D5A80 /* MSCTestNSDate+AddRemove.m */,
				F716A1661751EA8F007A7EFF /* MSCTestNSString+DateComponents.m */,
				F705B34317605D0C00CE3893 /* MSCTestNSArray+Aggregates.m */,
			);
			name = Categories;
			sourceTree = "<group>";
		};
		F7BEEC171765D02D0032945E /* Presenters */ = {
			isa = PBXGroup;
			children = (
				F7BEEC181765D09A0032945E /* MSCFindViewsPresenter.h */,
				F7BEEC191765D09A0032945E /* MSCFindViewsPresenter.m */,
			);
			name = Presenters;
			sourceTree = "<group>";
		};
		F7D9332E17663B180033963F /* Generators */ = {
			isa = PBXGroup;
			children = (
				F7D9333817663FAE0033963F /* MSCNumberGen.h */,
				F7D9333917663FAE0033963F /* MSCNumberGen.m */,
				F7D9333517663F520033963F /* MSCStringGen.h */,
				F7D9333617663F520033963F /* MSCStringGen.m */,
				F7D9332F17663B350033963F /* MSCTimeTableGen.h */,
				F7D9333017663B350033963F /* MSCTimeTableGen.m */,
			);
			name = Generators;
			sourceTree = "<group>";
		};
		F7D9333B1766408F0033963F /* Generators */ = {
			isa = PBXGroup;
			children = (
				F7D9333D176640A80033963F /* MSCTestNumberGen.m */,
			);
			name = Generators;
			sourceTree = "<group>";
		};
/* End PBXGroup section */

/* Begin PBXNativeTarget section */
		F72538DD1749DF12002D06BE /* MyTimetable */ = {
			isa = PBXNativeTarget;
			buildConfigurationList = F72539121749DF12002D06BE /* Build configuration list for PBXNativeTarget "MyTimetable" */;
			buildPhases = (
				F72538DA1749DF12002D06BE /* Sources */,
				F72538DB1749DF12002D06BE /* Frameworks */,
				F72538DC1749DF12002D06BE /* Resources */,
			);
			buildRules = (
			);
			dependencies = (
			);
			name = MyTimetable;
			productName = MyTimetable;
			productReference = F72538DE1749DF12002D06BE /* MyTimetable.app */;
			productType = "com.apple.product-type.application";
		};
		F72539001749DF12002D06BE /* MyTimetableTests */ = {
			isa = PBXNativeTarget;
			buildConfigurationList = F72539151749DF12002D06BE /* Build configuration list for PBXNativeTarget "MyTimetableTests" */;
			buildPhases = (
				F72538FC1749DF12002D06BE /* Sources */,
				F72538FD1749DF12002D06BE /* Frameworks */,
				F72538FE1749DF12002D06BE /* Resources */,
				F72538FF1749DF12002D06BE /* ShellScript */,
			);
			buildRules = (
			);
			dependencies = (
				F72539061749DF12002D06BE /* PBXTargetDependency */,
			);
			name = MyTimetableTests;
			productName = MyTimetableTests;
			productReference = F72539011749DF12002D06BE /* MyTimetableTests.octest */;
			productType = "com.apple.product-type.bundle";
		};
/* End PBXNativeTarget section */

/* Begin PBXProject section */
		F72538D61749DF12002D06BE /* Project object */ = {
			isa = PBXProject;
			attributes = {
				CLASSPREFIX = MSC;
				LastUpgradeCheck = 0460;
				ORGANIZATIONNAME = "Никита Б. Зуев";
			};
			buildConfigurationList = F72538D91749DF12002D06BE /* Build configuration list for PBXProject "MyTimetable" */;
			compatibilityVersion = "Xcode 3.2";
			developmentRegion = English;
			hasScannedForEncodings = 0;
			knownRegions = (
				en,
			);
			mainGroup = F72538D51749DF12002D06BE;
			productRefGroup = F72538DF1749DF12002D06BE /* Products */;
			projectDirPath = "";
			projectRoot = "";
			targets = (
				F72538DD1749DF12002D06BE /* MyTimetable */,
				F72539001749DF12002D06BE /* MyTimetableTests */,
			);
		};
/* End PBXProject section */

/* Begin PBXResourcesBuildPhase section */
		F72538DC1749DF12002D06BE /* Resources */ = {
			isa = PBXResourcesBuildPhase;
			buildActionMask = 2147483647;
			files = (
				F72538EC1749DF12002D06BE /* InfoPlist.strings in Resources */,
				F72538F21749DF12002D06BE /* Credits.rtf in Resources */,
				F72538F81749DF12002D06BE /* MainMenu.xib in Resources */,
			);
			runOnlyForDeploymentPostprocessing = 0;
		};
		F72538FE1749DF12002D06BE /* Resources */ = {
			isa = PBXResourcesBuildPhase;
			buildActionMask = 2147483647;
			files = (
				F725390C1749DF12002D06BE /* InfoPlist.strings in Resources */,
			);
			runOnlyForDeploymentPostprocessing = 0;
		};
/* End PBXResourcesBuildPhase section */

/* Begin PBXShellScriptBuildPhase section */
		F72538FF1749DF12002D06BE /* ShellScript */ = {
			isa = PBXShellScriptBuildPhase;
			buildActionMask = 2147483647;
			files = (
			);
			inputPaths = (
			);
			outputPaths = (
			);
			runOnlyForDeploymentPostprocessing = 0;
			shellPath = /bin/sh;
			shellScript = "# Run the unit tests in this test bundle.\n\"${SYSTEM_DEVELOPER_DIR}/Tools/RunUnitTests\"\n";
		};
/* End PBXShellScriptBuildPhase section */

/* Begin PBXSourcesBuildPhase section */
		F72538DA1749DF12002D06BE /* Sources */ = {
			isa = PBXSourcesBuildPhase;
			buildActionMask = 2147483647;
			files = (
				F72538EE1749DF12002D06BE /* main.m in Sources */,
				F72538F51749DF12002D06BE /* MSCAppDelegate.m in Sources */,
				F72538FB1749DF12002D06BE /* MyTimetable.xcdatamodeld in Sources */,
				F725391F1749E072002D06BE /* MSCTimeTable.m in Sources */,
				F72539221749E15C002D06BE /* MSCTimeTableItem.m in Sources */,
				F72539281749E447002D06BE /* MSCCreateTimeTableUseCase.m in Sources */,
				F7B4BD791750E072007D5A80 /* NSDate+AddRemove.m in Sources */,
				F716A1641751EA45007A7EFF /* NSString+DateComponents.m in Sources */,
				F7084A161756741D00B41797 /* MSCTimeTableValue.m in Sources */,
				F7BAB511175CA09A005A8609 /* MSCTimeTableInput.m in Sources */,
				F705B33B1760561800CE3893 /* MSCTimeTableResource.m in Sources */,
				F705B34117605CC600CE3893 /* NSArray+Aggregates.m in Sources */,
				F705B34717606C5300CE3893 /* MSCTimeTableSupply.m in Sources */,
				F705B34F17608D3900CE3893 /* MSCMemoryStorage.m in Sources */,
				F705B3571760BEE000CE3893 /* MSCPersistantUseCase.m in Sources */,
				F705B35B1760F88400CE3893 /* MSCCatalogsController.m in Sources */,
				F7BEEBD6176198320032945E /* Context.m in Sources */,
				F7BEEBE21761ACCB0032945E /* MSCView.m in Sources */,
				F7BEEBE51761ADEC0032945E /* MSCCreateViewUseCase.m in Sources */,
				F7BEEBEB1761AFA30032945E /* MSCViewInput.m in Sources */,
				F7BEEBEE1761BCB70032945E /* MSCPersistantCreatorUseCase.m in Sources */,
				F7BEEBF41761BE130032945E /* MSCKeyValue.m in Sources */,
				F7BEEBFA1761C2310032945E /* MSCFindViewsUseCase.m in Sources */,
				F7BEEC101765ABB20032945E /* MSCKeyValueUseCase.m in Sources */,
				F7BEEC161765BC690032945E /* MSCTestUIUseCase.m in Sources */,
				F7BEEC1A1765D09A0032945E /* MSCFindViewsPresenter.m in Sources */,
				F757998A1765E57E00D79C7A /* MSCUpdateTimeTableUseCase.m in Sources */,
				F7D9333117663B350033963F /* MSCTimeTableGen.m in Sources */,
				F7D9333717663F520033963F /* MSCStringGen.m in Sources */,
				F7D9333A17663FAE0033963F /* MSCNumberGen.m in Sources */,
			);
			runOnlyForDeploymentPostprocessing = 0;
		};
		F72538FC1749DF12002D06BE /* Sources */ = {
			isa = PBXSourcesBuildPhase;
			buildActionMask = 2147483647;
			files = (
				F725392C1749E4C3002D06BE /* MSCTestCreateTimeTableUseCase.m in Sources */,
				F7B4BD7D1750E0C4007D5A80 /* MSCTestNSDate+AddRemove.m in Sources */,
				F716A1671751EA8F007A7EFF /* MSCTestNSString+DateComponents.m in Sources */,
				F7084A1A1756769700B41797 /* MSCTestTimeTableValue.m in Sources */,
				F7084A23175678D400B41797 /* MSCTestTimeTableItem.m in Sources */,
				F705B34417605D0C00CE3893 /* MSCTestNSArray+Aggregates.m in Sources */,
				F705B34B17608B7C00CE3893 /* MSCTestMemoryStorage.m in Sources */,
				F705B3541760BE5600CE3893 /* MSCTestPersistantUseCase.m in Sources */,
				F7BEEBE81761ADFE0032945E /* MSCTestCreateViewUseCase.m in Sources */,
				F7BEEBF11761BD5A0032945E /* MSCTestPersistantCreatorUseCase.m in Sources */,
				F7BEEBF71761BEBA0032945E /* MSCTestKeyValue.m in Sources */,
				F7BEEBFD1761C7B60032945E /* MSCTestFindViewsUseCase.m in Sources */,
				F7BEEC0D1765AB440032945E /* MSCTestKeyValueUseCase.m in Sources */,
				F7BEEC211765D7160032945E /* MSCTestTimeTableResource.m in Sources */,
				F7BEEC271765D7E40032945E /* MSCTestTimeTableSupply.m in Sources */,
				F757998D1765E64300D79C7A /* MSCTestUpdateTimeTableUseCase.m in Sources */,
				F7579993176629D300D79C7A /* MSCTestTimeTable.m in Sources */,
				F7D9332D176630330033963F /* MSCTestView.m in Sources */,
				F7D9333E176640A80033963F /* MSCTestNumberGen.m in Sources */,
			);
			runOnlyForDeploymentPostprocessing = 0;
		};
/* End PBXSourcesBuildPhase section */

/* Begin PBXTargetDependency section */
		F72539061749DF12002D06BE /* PBXTargetDependency */ = {
			isa = PBXTargetDependency;
			target = F72538DD1749DF12002D06BE /* MyTimetable */;
			targetProxy = F72539051749DF12002D06BE /* PBXContainerItemProxy */;
		};
/* End PBXTargetDependency section */

/* Begin PBXVariantGroup section */
		F72538EA1749DF12002D06BE /* InfoPlist.strings */ = {
			isa = PBXVariantGroup;
			children = (
				F72538EB1749DF12002D06BE /* en */,
			);
			name = InfoPlist.strings;
			sourceTree = "<group>";
		};
		F72538F01749DF12002D06BE /* Credits.rtf */ = {
			isa = PBXVariantGroup;
			children = (
				F72538F11749DF12002D06BE /* en */,
			);
			name = Credits.rtf;
			sourceTree = "<group>";
		};
		F72538F61749DF12002D06BE /* MainMenu.xib */ = {
			isa = PBXVariantGroup;
			children = (
				F72538F71749DF12002D06BE /* en */,
			);
			name = MainMenu.xib;
			sourceTree = "<group>";
		};
		F725390A1749DF12002D06BE /* InfoPlist.strings */ = {
			isa = PBXVariantGroup;
			children = (
				F725390B1749DF12002D06BE /* en */,
			);
			name = InfoPlist.strings;
			sourceTree = "<group>";
		};
/* End PBXVariantGroup section */

/* Begin XCBuildConfiguration section */
		F72539101749DF12002D06BE /* Debug */ = {
			isa = XCBuildConfiguration;
			buildSettings = {
				ALWAYS_SEARCH_USER_PATHS = NO;
				ARCHS = "$(ARCHS_STANDARD_64_BIT)";
				CLANG_CXX_LANGUAGE_STANDARD = "gnu++0x";
				CLANG_CXX_LIBRARY = "libc++";
				CLANG_ENABLE_OBJC_ARC = YES;
				CLANG_WARN_CONSTANT_CONVERSION = YES;
				CLANG_WARN_EMPTY_BODY = YES;
				CLANG_WARN_ENUM_CONVERSION = YES;
				CLANG_WARN_INT_CONVERSION = YES;
				CLANG_WARN__DUPLICATE_METHOD_MATCH = YES;
				COPY_PHASE_STRIP = NO;
				GCC_C_LANGUAGE_STANDARD = gnu99;
				GCC_DYNAMIC_NO_PIC = NO;
				GCC_ENABLE_OBJC_EXCEPTIONS = YES;
				GCC_OPTIMIZATION_LEVEL = 0;
				GCC_PREPROCESSOR_DEFINITIONS = (
					"DEBUG=1",
					"$(inherited)",
				);
				GCC_SYMBOLS_PRIVATE_EXTERN = NO;
				GCC_WARN_64_TO_32_BIT_CONVERSION = YES;
				GCC_WARN_ABOUT_RETURN_TYPE = YES;
				GCC_WARN_UNINITIALIZED_AUTOS = YES;
				GCC_WARN_UNUSED_VARIABLE = YES;
				MACOSX_DEPLOYMENT_TARGET = 10.8;
				ONLY_ACTIVE_ARCH = YES;
				SDKROOT = macosx;
			};
			name = Debug;
		};
		F72539111749DF12002D06BE /* Release */ = {
			isa = XCBuildConfiguration;
			buildSettings = {
				ALWAYS_SEARCH_USER_PATHS = NO;
				ARCHS = "$(ARCHS_STANDARD_64_BIT)";
				CLANG_CXX_LANGUAGE_STANDARD = "gnu++0x";
				CLANG_CXX_LIBRARY = "libc++";
				CLANG_ENABLE_OBJC_ARC = YES;
				CLANG_WARN_CONSTANT_CONVERSION = YES;
				CLANG_WARN_EMPTY_BODY = YES;
				CLANG_WARN_ENUM_CONVERSION = YES;
				CLANG_WARN_INT_CONVERSION = YES;
				CLANG_WARN__DUPLICATE_METHOD_MATCH = YES;
				COPY_PHASE_STRIP = YES;
				DEBUG_INFORMATION_FORMAT = "dwarf-with-dsym";
				GCC_C_LANGUAGE_STANDARD = gnu99;
				GCC_ENABLE_OBJC_EXCEPTIONS = YES;
				GCC_WARN_64_TO_32_BIT_CONVERSION = YES;
				GCC_WARN_ABOUT_RETURN_TYPE = YES;
				GCC_WARN_UNINITIALIZED_AUTOS = YES;
				GCC_WARN_UNUSED_VARIABLE = YES;
				MACOSX_DEPLOYMENT_TARGET = 10.8;
				SDKROOT = macosx;
			};
			name = Release;
		};
		F72539131749DF12002D06BE /* Debug */ = {
			isa = XCBuildConfiguration;
			buildSettings = {
				COMBINE_HIDPI_IMAGES = YES;
				GCC_PRECOMPILE_PREFIX_HEADER = YES;
				GCC_PREFIX_HEADER = "MyTimetable/MyTimetable-Prefix.pch";
				INFOPLIST_FILE = "MyTimetable/MyTimetable-Info.plist";
				PRODUCT_NAME = "$(TARGET_NAME)";
				WRAPPER_EXTENSION = app;
			};
			name = Debug;
		};
		F72539141749DF12002D06BE /* Release */ = {
			isa = XCBuildConfiguration;
			buildSettings = {
				COMBINE_HIDPI_IMAGES = YES;
				GCC_PRECOMPILE_PREFIX_HEADER = YES;
				GCC_PREFIX_HEADER = "MyTimetable/MyTimetable-Prefix.pch";
				INFOPLIST_FILE = "MyTimetable/MyTimetable-Info.plist";
				PRODUCT_NAME = "$(TARGET_NAME)";
				WRAPPER_EXTENSION = app;
			};
			name = Release;
		};
		F72539161749DF12002D06BE /* Debug */ = {
			isa = XCBuildConfiguration;
			buildSettings = {
				BUNDLE_LOADER = "$(BUILT_PRODUCTS_DIR)/MyTimetable.app/Contents/MacOS/MyTimetable";
				COMBINE_HIDPI_IMAGES = YES;
				FRAMEWORK_SEARCH_PATHS = "\"$(DEVELOPER_LIBRARY_DIR)/Frameworks\"";
				GCC_PRECOMPILE_PREFIX_HEADER = YES;
				GCC_PREFIX_HEADER = "MyTimetable/MyTimetable-Prefix.pch";
				INFOPLIST_FILE = "MyTimetableTests/MyTimetableTests-Info.plist";
				PRODUCT_NAME = "$(TARGET_NAME)";
				TEST_HOST = "$(BUNDLE_LOADER)";
				WRAPPER_EXTENSION = octest;
			};
			name = Debug;
		};
		F72539171749DF12002D06BE /* Release */ = {
			isa = XCBuildConfiguration;
			buildSettings = {
				BUNDLE_LOADER = "$(BUILT_PRODUCTS_DIR)/MyTimetable.app/Contents/MacOS/MyTimetable";
				COMBINE_HIDPI_IMAGES = YES;
				FRAMEWORK_SEARCH_PATHS = "\"$(DEVELOPER_LIBRARY_DIR)/Frameworks\"";
				GCC_PRECOMPILE_PREFIX_HEADER = YES;
				GCC_PREFIX_HEADER = "MyTimetable/MyTimetable-Prefix.pch";
				INFOPLIST_FILE = "MyTimetableTests/MyTimetableTests-Info.plist";
				PRODUCT_NAME = "$(TARGET_NAME)";
				TEST_HOST = "$(BUNDLE_LOADER)";
				WRAPPER_EXTENSION = octest;
			};
			name = Release;
		};
/* End XCBuildConfiguration section */

/* Begin XCConfigurationList section */
		F72538D91749DF12002D06BE /* Build configuration list for PBXProject "MyTimetable" */ = {
			isa = XCConfigurationList;
			buildConfigurations = (
				F72539101749DF12002D06BE /* Debug */,
				F72539111749DF12002D06BE /* Release */,
			);
			defaultConfigurationIsVisible = 0;
			defaultConfigurationName = Release;
		};
		F72539121749DF12002D06BE /* Build configuration list for PBXNativeTarget "MyTimetable" */ = {
			isa = XCConfigurationList;
			buildConfigurations = (
				F72539131749DF12002D06BE /* Debug */,
				F72539141749DF12002D06BE /* Release */,
			);
			defaultConfigurationIsVisible = 0;
			defaultConfigurationName = Release;
		};
		F72539151749DF12002D06BE /* Build configuration list for PBXNativeTarget "MyTimetableTests" */ = {
			isa = XCConfigurationList;
			buildConfigurations = (
				F72539161749DF12002D06BE /* Debug */,
				F72539171749DF12002D06BE /* Release */,
			);
			defaultConfigurationIsVisible = 0;
			defaultConfigurationName = Release;
		};
/* End XCConfigurationList section */

/* Begin XCVersionGroup section */
		F72538F91749DF12002D06BE /* MyTimetable.xcdatamodeld */ = {
			isa = XCVersionGroup;
			children = (
				F72538FA1749DF12002D06BE /* MyTimetable.xcdatamodel */,
			);
			currentVersion = F72538FA1749DF12002D06BE /* MyTimetable.xcdatamodel */;
			path = MyTimetable.xcdatamodeld;
			sourceTree = "<group>";
			versionGroupType = wrapper.xcdatamodel;
		};
/* End XCVersionGroup section */
	};
	rootObject = F72538D61749DF12002D06BE /* Project object */;
}
